// !$*UTF8*$!
{
	archiveVersion = 1;
	classes = {
	};
	objectVersion = 55;
	objects = {

/* Begin PBXBuildFile section */
		3C572956287B0AAE00E080A6 /* main.cpp in Sources */ = {isa = PBXBuildFile; fileRef = 3C572955287B0AAE00E080A6 /* main.cpp */; };
		3C57295F287B0BFB00E080A6 /* Foundation.framework in Frameworks */ = {isa = PBXBuildFile; fileRef = 3C57295E287B0BFB00E080A6 /* Foundation.framework */; };
		3C572962287B0C0200E080A6 /* MetalKit.framework in Frameworks */ = {isa = PBXBuildFile; fileRef = 3C572960287B0C0200E080A6 /* MetalKit.framework */; };
		3C572963287B0C0200E080A6 /* Metal.framework in Frameworks */ = {isa = PBXBuildFile; fileRef = 3C572961287B0C0200E080A6 /* Metal.framework */; };
		3C572989287B0D6C00E080A6 /* RenderEngine.cpp in Sources */ = {isa = PBXBuildFile; fileRef = 3C572987287B0D6C00E080A6 /* RenderEngine.cpp */; };
		3C57298C287B0D8C00E080A6 /* MTKViewDelegate.cpp in Sources */ = {isa = PBXBuildFile; fileRef = 3C57298A287B0D8C00E080A6 /* MTKViewDelegate.cpp */; };
		3C57298F287B0DAB00E080A6 /* AppDelegate.cpp in Sources */ = {isa = PBXBuildFile; fileRef = 3C57298D287B0DAB00E080A6 /* AppDelegate.cpp */; };
		3C572993287B0DD700E080A6 /* Device.cpp in Sources */ = {isa = PBXBuildFile; fileRef = 3C572991287B0DD700E080A6 /* Device.cpp */; };
		3C572996287B0DF400E080A6 /* Type.cpp in Sources */ = {isa = PBXBuildFile; fileRef = 3C572994287B0DF400E080A6 /* Type.cpp */; };
		3C57299A287B0E2A00E080A6 /* ScriptEngine.cpp in Sources */ = {isa = PBXBuildFile; fileRef = 3C572998287B0E2A00E080A6 /* ScriptEngine.cpp */; };
		3C5729A7287B0F2A00E080A6 /* libv8.dylib in Frameworks */ = {isa = PBXBuildFile; fileRef = 3C5729A0287B0EC700E080A6 /* libv8.dylib */; };
		3C5729A8287B0F2A00E080A6 /* libv8_libplatform.dylib in Frameworks */ = {isa = PBXBuildFile; fileRef = 3C57299C287B0EC700E080A6 /* libv8_libplatform.dylib */; };
		3C5729A9287B0F2A00E080A6 /* libv8_libbase.dylib in Frameworks */ = {isa = PBXBuildFile; fileRef = 3C57299F287B0EC700E080A6 /* libv8_libbase.dylib */; };
		3C5729AA287B0F2A00E080A6 /* libicuuc.dylib in Frameworks */ = {isa = PBXBuildFile; fileRef = 3C57299D287B0EC700E080A6 /* libicuuc.dylib */; };
		3C5729AB287B0F2A00E080A6 /* libicui18n.dylib in Frameworks */ = {isa = PBXBuildFile; fileRef = 3C57299E287B0EC700E080A6 /* libicui18n.dylib */; };
		3C5729AC287B0F2A00E080A6 /* libchrome_zlib.dylib in Frameworks */ = {isa = PBXBuildFile; fileRef = 3C57299B287B0EC700E080A6 /* libchrome_zlib.dylib */; };
		3C5729B9287B0FC200E080A6 /* libicui18n.dylib in CopyFiles */ = {isa = PBXBuildFile; fileRef = 3C57299E287B0EC700E080A6 /* libicui18n.dylib */; settings = {ATTRIBUTES = (CodeSignOnCopy, ); }; };
		3C5729BB287B0FC200E080A6 /* libicuuc.dylib in CopyFiles */ = {isa = PBXBuildFile; fileRef = 3C57299D287B0EC700E080A6 /* libicuuc.dylib */; settings = {ATTRIBUTES = (CodeSignOnCopy, ); }; };
		3C5729BC287B0FC200E080A6 /* libv8_libbase.dylib in CopyFiles */ = {isa = PBXBuildFile; fileRef = 3C57299F287B0EC700E080A6 /* libv8_libbase.dylib */; settings = {ATTRIBUTES = (CodeSignOnCopy, ); }; };
		3C5729BD287B0FC200E080A6 /* libchrome_zlib.dylib in CopyFiles */ = {isa = PBXBuildFile; fileRef = 3C57299B287B0EC700E080A6 /* libchrome_zlib.dylib */; settings = {ATTRIBUTES = (CodeSignOnCopy, ); }; };
		3C5729BE287B0FC200E080A6 /* libv8_libplatform.dylib in CopyFiles */ = {isa = PBXBuildFile; fileRef = 3C57299C287B0EC700E080A6 /* libv8_libplatform.dylib */; settings = {ATTRIBUTES = (CodeSignOnCopy, ); }; };
		3C5729BF287B0FC200E080A6 /* libv8.dylib in CopyFiles */ = {isa = PBXBuildFile; fileRef = 3C5729A0287B0EC700E080A6 /* libv8.dylib */; settings = {ATTRIBUTES = (CodeSignOnCopy, ); }; };
/* End PBXBuildFile section */

/* Begin PBXCopyFilesBuildPhase section */
		3C572950287B0AAE00E080A6 /* CopyFiles */ = {
			isa = PBXCopyFilesBuildPhase;
			buildActionMask = 2147483647;
			dstPath = "";
			dstSubfolderSpec = 10;
			files = (
				3C5729B9287B0FC200E080A6 /* libicui18n.dylib in CopyFiles */,
				3C5729BB287B0FC200E080A6 /* libicuuc.dylib in CopyFiles */,
				3C5729BC287B0FC200E080A6 /* libv8_libbase.dylib in CopyFiles */,
				3C5729BD287B0FC200E080A6 /* libchrome_zlib.dylib in CopyFiles */,
				3C5729BE287B0FC200E080A6 /* libv8_libplatform.dylib in CopyFiles */,
				3C5729BF287B0FC200E080A6 /* libv8.dylib in CopyFiles */,
			);
			runOnlyForDeploymentPostprocessing = 1;
		};
/* End PBXCopyFilesBuildPhase section */

/* Begin PBXFileReference section */
		3C572955287B0AAE00E080A6 /* main.cpp */ = {isa = PBXFileReference; lastKnownFileType = sourcecode.cpp.cpp; path = main.cpp; sourceTree = "<group>"; };
		3C57295E287B0BFB00E080A6 /* Foundation.framework */ = {isa = PBXFileReference; lastKnownFileType = wrapper.framework; name = Foundation.framework; path = System/Library/Frameworks/Foundation.framework; sourceTree = SDKROOT; };
		3C572960287B0C0200E080A6 /* MetalKit.framework */ = {isa = PBXFileReference; lastKnownFileType = wrapper.framework; name = MetalKit.framework; path = System/Library/Frameworks/MetalKit.framework; sourceTree = SDKROOT; };
		3C572961287B0C0200E080A6 /* Metal.framework */ = {isa = PBXFileReference; lastKnownFileType = wrapper.framework; name = Metal.framework; path = System/Library/Frameworks/Metal.framework; sourceTree = SDKROOT; };
		3C572976287B0C1D00E080A6 /* Metal.js.entitlements */ = {isa = PBXFileReference; lastKnownFileType = text.plist.entitlements; path = Metal.js.entitlements; sourceTree = "<group>"; };
		3C572987287B0D6C00E080A6 /* RenderEngine.cpp */ = {isa = PBXFileReference; lastKnownFileType = sourcecode.cpp.cpp; path = RenderEngine.cpp; sourceTree = "<group>"; };
		3C572988287B0D6C00E080A6 /* RenderEngine.hpp */ = {isa = PBXFileReference; lastKnownFileType = sourcecode.cpp.h; path = RenderEngine.hpp; sourceTree = "<group>"; };
		3C57298A287B0D8C00E080A6 /* MTKViewDelegate.cpp */ = {isa = PBXFileReference; lastKnownFileType = sourcecode.cpp.cpp; path = MTKViewDelegate.cpp; sourceTree = "<group>"; };
		3C57298B287B0D8C00E080A6 /* MTKViewDelegate.hpp */ = {isa = PBXFileReference; lastKnownFileType = sourcecode.cpp.h; path = MTKViewDelegate.hpp; sourceTree = "<group>"; };
		3C57298D287B0DAB00E080A6 /* AppDelegate.cpp */ = {isa = PBXFileReference; lastKnownFileType = sourcecode.cpp.cpp; path = AppDelegate.cpp; sourceTree = "<group>"; };
		3C57298E287B0DAB00E080A6 /* AppDelegate.hpp */ = {isa = PBXFileReference; lastKnownFileType = sourcecode.cpp.h; path = AppDelegate.hpp; sourceTree = "<group>"; };
		3C572991287B0DD700E080A6 /* Device.cpp */ = {isa = PBXFileReference; lastKnownFileType = sourcecode.cpp.cpp; path = Device.cpp; sourceTree = "<group>"; };
		3C572992287B0DD700E080A6 /* Device.hpp */ = {isa = PBXFileReference; lastKnownFileType = sourcecode.cpp.h; path = Device.hpp; sourceTree = "<group>"; };
		3C572994287B0DF400E080A6 /* Type.cpp */ = {isa = PBXFileReference; lastKnownFileType = sourcecode.cpp.cpp; path = Type.cpp; sourceTree = "<group>"; };
		3C572995287B0DF400E080A6 /* Type.hpp */ = {isa = PBXFileReference; lastKnownFileType = sourcecode.cpp.h; path = Type.hpp; sourceTree = "<group>"; };
		3C572997287B0E1500E080A6 /* ScriptPort.h */ = {isa = PBXFileReference; lastKnownFileType = sourcecode.c.h; path = ScriptPort.h; sourceTree = "<group>"; };
		3C572998287B0E2A00E080A6 /* ScriptEngine.cpp */ = {isa = PBXFileReference; lastKnownFileType = sourcecode.cpp.cpp; path = ScriptEngine.cpp; sourceTree = "<group>"; };
		3C572999287B0E2A00E080A6 /* ScriptEngine.hpp */ = {isa = PBXFileReference; lastKnownFileType = sourcecode.cpp.h; path = ScriptEngine.hpp; sourceTree = "<group>"; };
		3C57299B287B0EC700E080A6 /* libchrome_zlib.dylib */ = {isa = PBXFileReference; lastKnownFileType = "compiled.mach-o.dylib"; name = libchrome_zlib.dylib; path = thirdparty/v8/lib/libchrome_zlib.dylib; sourceTree = "<group>"; };
		3C57299C287B0EC700E080A6 /* libv8_libplatform.dylib */ = {isa = PBXFileReference; lastKnownFileType = "compiled.mach-o.dylib"; name = libv8_libplatform.dylib; path = thirdparty/v8/lib/libv8_libplatform.dylib; sourceTree = "<group>"; };
		3C57299D287B0EC700E080A6 /* libicuuc.dylib */ = {isa = PBXFileReference; lastKnownFileType = "compiled.mach-o.dylib"; name = libicuuc.dylib; path = thirdparty/v8/lib/libicuuc.dylib; sourceTree = "<group>"; };
		3C57299E287B0EC700E080A6 /* libicui18n.dylib */ = {isa = PBXFileReference; lastKnownFileType = "compiled.mach-o.dylib"; name = libicui18n.dylib; path = thirdparty/v8/lib/libicui18n.dylib; sourceTree = "<group>"; };
		3C57299F287B0EC700E080A6 /* libv8_libbase.dylib */ = {isa = PBXFileReference; lastKnownFileType = "compiled.mach-o.dylib"; name = libv8_libbase.dylib; path = thirdparty/v8/lib/libv8_libbase.dylib; sourceTree = "<group>"; };
		3C5729A0287B0EC700E080A6 /* libv8.dylib */ = {isa = PBXFileReference; lastKnownFileType = "compiled.mach-o.dylib"; name = libv8.dylib; path = thirdparty/v8/lib/libv8.dylib; sourceTree = "<group>"; };
		3C5729BA287B0FC200E080A6 /* Metal.js */ = {isa = PBXFileReference; explicitFileType = "compiled.mach-o.executable"; includeInIndex = 0; path = Metal.js; sourceTree = BUILT_PRODUCTS_DIR; };
/* End PBXFileReference section */

/* Begin PBXFrameworksBuildPhase section */
		3C57294F287B0AAE00E080A6 /* Frameworks */ = {
			isa = PBXFrameworksBuildPhase;
			buildActionMask = 2147483647;
			files = (
				3C5729A7287B0F2A00E080A6 /* libv8.dylib in Frameworks */,
				3C5729A8287B0F2A00E080A6 /* libv8_libplatform.dylib in Frameworks */,
				3C5729A9287B0F2A00E080A6 /* libv8_libbase.dylib in Frameworks */,
				3C5729AA287B0F2A00E080A6 /* libicuuc.dylib in Frameworks */,
				3C5729AB287B0F2A00E080A6 /* libicui18n.dylib in Frameworks */,
				3C5729AC287B0F2A00E080A6 /* libchrome_zlib.dylib in Frameworks */,
				3C572962287B0C0200E080A6 /* MetalKit.framework in Frameworks */,
				3C572963287B0C0200E080A6 /* Metal.framework in Frameworks */,
				3C57295F287B0BFB00E080A6 /* Foundation.framework in Frameworks */,
			);
			runOnlyForDeploymentPostprocessing = 0;
		};
/* End PBXFrameworksBuildPhase section */

/* Begin PBXGroup section */
		3C572949287B0AAE00E080A6 = {
			isa = PBXGroup;
			children = (
				3C572954287B0AAE00E080A6 /* Metal.js */,
				3C57295D287B0BFB00E080A6 /* Frameworks */,
				3C5729BA287B0FC200E080A6 /* Metal.js */,
			);
			sourceTree = "<group>";
		};
		3C572954287B0AAE00E080A6 /* Metal.js */ = {
			isa = PBXGroup;
			children = (
				3C572986287B0D6000E080A6 /* source */,
				3C572976287B0C1D00E080A6 /* Metal.js.entitlements */,
				3C572955287B0AAE00E080A6 /* main.cpp */,
			);
			path = Metal.js;
			sourceTree = "<group>";
		};
		3C57295D287B0BFB00E080A6 /* Frameworks */ = {
			isa = PBXGroup;
			children = (
				3C57299E287B0EC700E080A6 /* libicui18n.dylib */,
				3C57299D287B0EC700E080A6 /* libicuuc.dylib */,
				3C57299F287B0EC700E080A6 /* libv8_libbase.dylib */,
				3C57299B287B0EC700E080A6 /* libchrome_zlib.dylib */,
				3C57299C287B0EC700E080A6 /* libv8_libplatform.dylib */,
				3C5729A0287B0EC700E080A6 /* libv8.dylib */,
				3C572961287B0C0200E080A6 /* Metal.framework */,
				3C572960287B0C0200E080A6 /* MetalKit.framework */,
				3C57295E287B0BFB00E080A6 /* Foundation.framework */,
			);
			name = Frameworks;
			sourceTree = "<group>";
		};
		3C572986287B0D6000E080A6 /* source */ = {
			isa = PBXGroup;
			children = (
				3C572990287B0DC300E080A6 /* script */,
				3C572987287B0D6C00E080A6 /* RenderEngine.cpp */,
				3C572988287B0D6C00E080A6 /* RenderEngine.hpp */,
				3C57298A287B0D8C00E080A6 /* MTKViewDelegate.cpp */,
				3C57298B287B0D8C00E080A6 /* MTKViewDelegate.hpp */,
				3C57298D287B0DAB00E080A6 /* AppDelegate.cpp */,
				3C57298E287B0DAB00E080A6 /* AppDelegate.hpp */,
			);
			path = source;
			sourceTree = "<group>";
		};
		3C572990287B0DC300E080A6 /* script */ = {
			isa = PBXGroup;
			children = (
				3C572991287B0DD700E080A6 /* Device.cpp */,
				3C572992287B0DD700E080A6 /* Device.hpp */,
				3C572994287B0DF400E080A6 /* Type.cpp */,
				3C572995287B0DF400E080A6 /* Type.hpp */,
				3C572997287B0E1500E080A6 /* ScriptPort.h */,
				3C572998287B0E2A00E080A6 /* ScriptEngine.cpp */,
				3C572999287B0E2A00E080A6 /* ScriptEngine.hpp */,
			);
			path = script;
			sourceTree = "<group>";
		};
/* End PBXGroup section */

/* Begin PBXNativeTarget section */
		3C572951287B0AAE00E080A6 /* Metal.js */ = {
			isa = PBXNativeTarget;
			buildConfigurationList = 3C572959287B0AAE00E080A6 /* Build configuration list for PBXNativeTarget "Metal.js" */;
			buildPhases = (
				3C57294E287B0AAE00E080A6 /* Sources */,
				3C57294F287B0AAE00E080A6 /* Frameworks */,
				3C572950287B0AAE00E080A6 /* CopyFiles */,
			);
			buildRules = (
			);
			dependencies = (
			);
			name = Metal.js;
			productName = Metal.js;
			productReference = 3C5729BA287B0FC200E080A6 /* Metal.js */;
			productType = "com.apple.product-type.tool";
		};
/* End PBXNativeTarget section */

/* Begin PBXProject section */
		3C57294A287B0AAE00E080A6 /* Project object */ = {
			isa = PBXProject;
			attributes = {
				BuildIndependentTargetsInParallel = 1;
				LastUpgradeCheck = 1340;
				TargetAttributes = {
					3C572951287B0AAE00E080A6 = {
						CreatedOnToolsVersion = 13.4.1;
					};
				};
			};
			buildConfigurationList = 3C57294D287B0AAE00E080A6 /* Build configuration list for PBXProject "Metal.js" */;
			compatibilityVersion = "Xcode 13.0";
			developmentRegion = en;
			hasScannedForEncodings = 0;
			knownRegions = (
				en,
				Base,
			);
			mainGroup = 3C572949287B0AAE00E080A6;
			productRefGroup = 3C572949287B0AAE00E080A6;
			projectDirPath = "";
			projectRoot = "";
			targets = (
				3C572951287B0AAE00E080A6 /* Metal.js */,
			);
		};
/* End PBXProject section */

/* Begin PBXSourcesBuildPhase section */
		3C57294E287B0AAE00E080A6 /* Sources */ = {
			isa = PBXSourcesBuildPhase;
			buildActionMask = 2147483647;
			files = (
				3C57298F287B0DAB00E080A6 /* AppDelegate.cpp in Sources */,
				3C572993287B0DD700E080A6 /* Device.cpp in Sources */,
				3C57298C287B0D8C00E080A6 /* MTKViewDelegate.cpp in Sources */,
				3C572996287B0DF400E080A6 /* Type.cpp in Sources */,
				3C572956287B0AAE00E080A6 /* main.cpp in Sources */,
				3C572989287B0D6C00E080A6 /* RenderEngine.cpp in Sources */,
				3C57299A287B0E2A00E080A6 /* ScriptEngine.cpp in Sources */,
			);
			runOnlyForDeploymentPostprocessing = 0;
		};
/* End PBXSourcesBuildPhase section */

/* Begin XCBuildConfiguration section */
		3C572957287B0AAE00E080A6 /* Debug */ = {
			isa = XCBuildConfiguration;
			buildSettings = {
				ALWAYS_SEARCH_USER_PATHS = NO;
				CLANG_ANALYZER_NONNULL = YES;
				CLANG_ANALYZER_NUMBER_OBJECT_CONVERSION = YES_AGGRESSIVE;
				CLANG_CXX_LANGUAGE_STANDARD = "gnu++17";
				CLANG_ENABLE_MODULES = YES;
				CLANG_ENABLE_OBJC_ARC = YES;
				CLANG_ENABLE_OBJC_WEAK = YES;
				CLANG_WARN_BLOCK_CAPTURE_AUTORELEASING = YES;
				CLANG_WARN_BOOL_CONVERSION = YES;
				CLANG_WARN_COMMA = YES;
				CLANG_WARN_CONSTANT_CONVERSION = YES;
				CLANG_WARN_DEPRECATED_OBJC_IMPLEMENTATIONS = YES;
				CLANG_WARN_DIRECT_OBJC_ISA_USAGE = YES_ERROR;
				CLANG_WARN_DOCUMENTATION_COMMENTS = YES;
				CLANG_WARN_EMPTY_BODY = YES;
				CLANG_WARN_ENUM_CONVERSION = YES;
				CLANG_WARN_INFINITE_RECURSION = YES;
				CLANG_WARN_INT_CONVERSION = YES;
				CLANG_WARN_NON_LITERAL_NULL_CONVERSION = YES;
				CLANG_WARN_OBJC_IMPLICIT_RETAIN_SELF = YES;
				CLANG_WARN_OBJC_LITERAL_CONVERSION = YES;
				CLANG_WARN_OBJC_ROOT_CLASS = YES_ERROR;
				CLANG_WARN_QUOTED_INCLUDE_IN_FRAMEWORK_HEADER = YES;
				CLANG_WARN_RANGE_LOOP_ANALYSIS = YES;
				CLANG_WARN_STRICT_PROTOTYPES = YES;
				CLANG_WARN_SUSPICIOUS_MOVE = YES;
				CLANG_WARN_UNGUARDED_AVAILABILITY = YES_AGGRESSIVE;
				CLANG_WARN_UNREACHABLE_CODE = YES;
				CLANG_WARN__DUPLICATE_METHOD_MATCH = YES;
				COPY_PHASE_STRIP = NO;
				DEBUG_INFORMATION_FORMAT = dwarf;
				ENABLE_STRICT_OBJC_MSGSEND = YES;
				ENABLE_TESTABILITY = YES;
				GCC_C_LANGUAGE_STANDARD = gnu11;
				GCC_DYNAMIC_NO_PIC = NO;
				GCC_NO_COMMON_BLOCKS = YES;
				GCC_OPTIMIZATION_LEVEL = 0;
				GCC_PREPROCESSOR_DEFINITIONS = (
					"DEBUG=1",
					"$(inherited)",
				);
				GCC_WARN_64_TO_32_BIT_CONVERSION = YES;
				GCC_WARN_ABOUT_RETURN_TYPE = YES_ERROR;
				GCC_WARN_UNDECLARED_SELECTOR = YES;
				GCC_WARN_UNINITIALIZED_AUTOS = YES_AGGRESSIVE;
				GCC_WARN_UNUSED_FUNCTION = YES;
				GCC_WARN_UNUSED_VARIABLE = YES;
				MACOSX_DEPLOYMENT_TARGET = 12.3;
				MTL_ENABLE_DEBUG_INFO = INCLUDE_SOURCE;
				MTL_FAST_MATH = YES;
				ONLY_ACTIVE_ARCH = YES;
				SDKROOT = macosx;
			};
			name = Debug;
		};
		3C572958287B0AAE00E080A6 /* Release */ = {
			isa = XCBuildConfiguration;
			buildSettings = {
				ALWAYS_SEARCH_USER_PATHS = NO;
				CLANG_ANALYZER_NONNULL = YES;
				CLANG_ANALYZER_NUMBER_OBJECT_CONVERSION = YES_AGGRESSIVE;
				CLANG_CXX_LANGUAGE_STANDARD = "gnu++17";
				CLANG_ENABLE_MODULES = YES;
				CLANG_ENABLE_OBJC_ARC = YES;
				CLANG_ENABLE_OBJC_WEAK = YES;
				CLANG_WARN_BLOCK_CAPTURE_AUTORELEASING = YES;
				CLANG_WARN_BOOL_CONVERSION = YES;
				CLANG_WARN_COMMA = YES;
				CLANG_WARN_CONSTANT_CONVERSION = YES;
				CLANG_WARN_DEPRECATED_OBJC_IMPLEMENTATIONS = YES;
				CLANG_WARN_DIRECT_OBJC_ISA_USAGE = YES_ERROR;
				CLANG_WARN_DOCUMENTATION_COMMENTS = YES;
				CLANG_WARN_EMPTY_BODY = YES;
				CLANG_WARN_ENUM_CONVERSION = YES;
				CLANG_WARN_INFINITE_RECURSION = YES;
				CLANG_WARN_INT_CONVERSION = YES;
				CLANG_WARN_NON_LITERAL_NULL_CONVERSION = YES;
				CLANG_WARN_OBJC_IMPLICIT_RETAIN_SELF = YES;
				CLANG_WARN_OBJC_LITERAL_CONVERSION = YES;
				CLANG_WARN_OBJC_ROOT_CLASS = YES_ERROR;
				CLANG_WARN_QUOTED_INCLUDE_IN_FRAMEWORK_HEADER = YES;
				CLANG_WARN_RANGE_LOOP_ANALYSIS = YES;
				CLANG_WARN_STRICT_PROTOTYPES = YES;
				CLANG_WARN_SUSPICIOUS_MOVE = YES;
				CLANG_WARN_UNGUARDED_AVAILABILITY = YES_AGGRESSIVE;
				CLANG_WARN_UNREACHABLE_CODE = YES;
				CLANG_WARN__DUPLICATE_METHOD_MATCH = YES;
				COPY_PHASE_STRIP = NO;
				DEBUG_INFORMATION_FORMAT = "dwarf-with-dsym";
				ENABLE_NS_ASSERTIONS = NO;
				ENABLE_STRICT_OBJC_MSGSEND = YES;
				GCC_C_LANGUAGE_STANDARD = gnu11;
				GCC_NO_COMMON_BLOCKS = YES;
				GCC_WARN_64_TO_32_BIT_CONVERSION = YES;
				GCC_WARN_ABOUT_RETURN_TYPE = YES_ERROR;
				GCC_WARN_UNDECLARED_SELECTOR = YES;
				GCC_WARN_UNINITIALIZED_AUTOS = YES_AGGRESSIVE;
				GCC_WARN_UNUSED_FUNCTION = YES;
				GCC_WARN_UNUSED_VARIABLE = YES;
				MACOSX_DEPLOYMENT_TARGET = 12.3;
				MTL_ENABLE_DEBUG_INFO = NO;
				MTL_FAST_MATH = YES;
				SDKROOT = macosx;
			};
			name = Release;
		};
		3C57295A287B0AAE00E080A6 /* Debug */ = {
			isa = XCBuildConfiguration;
			buildSettings = {
				CODE_SIGN_ENTITLEMENTS = Metal.js/Metal.js.entitlements;
				CODE_SIGN_STYLE = Automatic;
				DEVELOPMENT_TEAM = 584W9873CW;
				ENABLE_HARDENED_RUNTIME = YES;
				GCC_ENABLE_CPP_RTTI = NO;
				HEADER_SEARCH_PATHS = (
					"$(PROJECT_DIR)/metal-cpp-extensions",
					"$(PROJECT_DIR)/metal-cpp",
					"$(PROJECT_DIR)/thirdparty/v8/include",
				);
				LIBRARY_SEARCH_PATHS = (
					"$(inherited)",
					"$(PROJECT_DIR)/thirdparty/v8",
					"$(PROJECT_DIR)/thirdparty/v8/lib",
				);
				PRODUCT_NAME = "$(TARGET_NAME)";
			};
			name = Debug;
		};
		3C57295B287B0AAE00E080A6 /* Release */ = {
			isa = XCBuildConfiguration;
			buildSettings = {
				CODE_SIGN_ENTITLEMENTS = Metal.js/Metal.js.entitlements;
				CODE_SIGN_STYLE = Automatic;
				DEVELOPMENT_TEAM = 584W9873CW;
				ENABLE_HARDENED_RUNTIME = YES;
				GCC_ENABLE_CPP_RTTI = NO;
				HEADER_SEARCH_PATHS = (
					"$(PROJECT_DIR)/metal-cpp-extensions",
					"$(PROJECT_DIR)/metal-cpp",
					"$(PROJECT_DIR)/thirdparty/v8/include",
				);
				LIBRARY_SEARCH_PATHS = (
					"$(inherited)",
					"$(PROJECT_DIR)/thirdparty/v8",
					"$(PROJECT_DIR)/thirdparty/v8/lib",
				);
				PRODUCT_NAME = "$(TARGET_NAME)";
			};
			name = Release;
		};
/* End XCBuildConfiguration section */

/* Begin XCConfigurationList section */
		3C57294D287B0AAE00E080A6 /* Build configuration list for PBXProject "Metal.js" */ = {
			isa = XCConfigurationList;
			buildConfigurations = (
				3C572957287B0AAE00E080A6 /* Debug */,
				3C572958287B0AAE00E080A6 /* Release */,
			);
			defaultConfigurationIsVisible = 0;
			defaultConfigurationName = Release;
		};
		3C572959287B0AAE00E080A6 /* Build configuration list for PBXNativeTarget "Metal.js" */ = {
			isa = XCConfigurationList;
			buildConfigurations = (
				3C57295A287B0AAE00E080A6 /* Debug */,
				3C57295B287B0AAE00E080A6 /* Release */,
			);
			defaultConfigurationIsVisible = 0;
			defaultConfigurationName = Release;
		};
/* End XCConfigurationList section */
	};
	rootObject = 3C57294A287B0AAE00E080A6 /* Project object */;
}
